<?xml version="1.0" encoding="utf-8"?>
<Project ToolsVersion="4.0" xmlns="http://schemas.microsoft.com/developer/msbuild/2003">
  <ItemGroup>
    <Filter Include="Source Files">
      <UniqueIdentifier>{4FC737F1-C7A5-4376-A066-2A32D752A2FF}</UniqueIdentifier>
      <Extensions>cpp;c;cc;cxx;def;odl;idl;hpj;bat;asm;asmx</Extensions>
    </Filter>
    <Filter Include="Header Files">
      <UniqueIdentifier>{93995380-89BD-4b04-88EB-625FBE52EBFB}</UniqueIdentifier>
      <Extensions>h;hh;hpp;hxx;hm;inl;inc;ipp;xsd</Extensions>
    </Filter>
    <Filter Include="Resource Files">
      <UniqueIdentifier>{67DA6AB6-F800-4c08-8B7A-83BB121AAD01}</UniqueIdentifier>
      <Extensions>rc;ico;cur;bmp;dlg;rc2;rct;bin;rgs;gif;jpg;jpeg;jpe;resx;tiff;tif;png;wav;mfcribbon-ms</Extensions>
    </Filter>
  </ItemGroup>
  <ItemGroup>
    <ClInclude Include="stdafx.h">
      <Filter>Header Files</Filter>
    </ClInclude>
    <ClInclude Include="targetver.h">
      <Filter>Header Files</Filter>
    </ClInclude>
    <ClInclude Include="shape.hh">
      <Filter>Header Files</Filter>
    </ClInclude>
    <ClInclude Include="matrix.hh">
      <Filter>Header Files</Filter>
    </ClInclude>
    <ClInclude Include="nnLayer.hh">
      <Filter>Header Files</Filter>
    </ClInclude>
    <ClInclude Include="sigmoidLayer.hh">
      <Filter>Header Files</Filter>
    </ClInclude>
    <ClInclude Include="layer.hh">
      <Filter>Header Files</Filter>
    </ClInclude>
    <ClInclude Include="readcsv.hh">
      <Filter>Header Files</Filter>
    </ClInclude>
    <ClInclude Include="NNetwork.hh">
      <Filter>Header Files</Filter>
    </ClInclude>
    <ClInclude Include="softmaxLayer.hh">
      <Filter>Header Files</Filter>
    </ClInclude>
    <ClInclude Include="reluLayer.hh">
      <Filter>Header Files</Filter>
    </ClInclude>
  </ItemGroup>
  <ItemGroup>
    <ClCompile Include="stdafx.cpp">
      <Filter>Source Files</Filter>
    </ClCompile>
    <ClCompile Include="OpenCLNN.cpp">
      <Filter>Source Files</Filter>
    </ClCompile>
    <ClCompile Include="shape.cpp">
      <Filter>Source Files</Filter>
    </ClCompile>
    <ClCompile Include="matrix.cpp">
      <Filter>Source Files</Filter>
    </ClCompile>
    <ClCompile Include="sigmoidLayer.cpp">
      <Filter>Source Files</Filter>
    </ClCompile>
    <ClCompile Include="layer.cpp">
      <Filter>Source Files</Filter>
    </ClCompile>
    <ClCompile Include="readcsv.cpp">
      <Filter>Source Files</Filter>
    </ClCompile>
    <ClCompile Include="NNetwork.cpp">
      <Filter>Source Files</Filter>
    </ClCompile>
    <ClCompile Include="softmaxLayer.cpp">
      <Filter>Source Files</Filter>
    </ClCompile>
    <ClCompile Include="reluLayer.cpp">
      <Filter>Source Files</Filter>
    </ClCompile>
  </ItemGroup>
  <ItemGroup>
    <None Include="sigmoidLayer.cl" />
    <None Include="matrix.cl" />
    <None Include="softmaxLayer.cl" />
    <None Include="reluLayer.cl" />
  </ItemGroup>
</Project>